// !$*UTF8*$!
{
	archiveVersion = 1;
	classes = {
	};
	objectVersion = 56;
	objects = {

/* Begin PBXBuildFile section */
		990C18FC29196C310098532B /* Core in Frameworks */ = {isa = PBXBuildFile; productRef = 990C18FB29196C310098532B /* Core */; };
		990C18FE29196C8C0098532B /* InventoryView.swift in Sources */ = {isa = PBXBuildFile; fileRef = 990C18FD29196C8C0098532B /* InventoryView.swift */; };
		9922113A28CCE8BA00F32005 /* DiscogsApp.swift in Sources */ = {isa = PBXBuildFile; fileRef = 9922113928CCE8BA00F32005 /* DiscogsApp.swift */; };
		9922113E28CCE8BB00F32005 /* Assets.xcassets in Resources */ = {isa = PBXBuildFile; fileRef = 9922113D28CCE8BB00F32005 /* Assets.xcassets */; };
		9922114128CCE8BB00F32005 /* Preview Assets.xcassets in Resources */ = {isa = PBXBuildFile; fileRef = 9922114028CCE8BB00F32005 /* Preview Assets.xcassets */; };
		9922114B28CCE8BB00F32005 /* DiscogsTests.swift in Sources */ = {isa = PBXBuildFile; fileRef = 9922114A28CCE8BB00F32005 /* DiscogsTests.swift */; };
		9922115528CCE8BB00F32005 /* DiscogsUITests.swift in Sources */ = {isa = PBXBuildFile; fileRef = 9922115428CCE8BB00F32005 /* DiscogsUITests.swift */; };
		9922115728CCE8BB00F32005 /* DiscogsUITestsLaunchTests.swift in Sources */ = {isa = PBXBuildFile; fileRef = 9922115628CCE8BB00F32005 /* DiscogsUITestsLaunchTests.swift */; };
		9922116A28CDD2AD00F32005 /* ReleaseView.swift in Sources */ = {isa = PBXBuildFile; fileRef = 9922116928CDD2AD00F32005 /* ReleaseView.swift */; };
		9922116C28D26A0600F32005 /* ListingsView.swift in Sources */ = {isa = PBXBuildFile; fileRef = 9922116B28D26A0600F32005 /* ListingsView.swift */; };
		99382DA1290940C4008F3376 /* ImageLoader.swift in Sources */ = {isa = PBXBuildFile; fileRef = 99382DA0290940C4008F3376 /* ImageLoader.swift */; };
		9961CDBF2919630A000EA35B /* DiscogsTCAApp.swift in Sources */ = {isa = PBXBuildFile; fileRef = 9961CDBE2919630A000EA35B /* DiscogsTCAApp.swift */; };
		9961CDC12919630A000EA35B /* ContentView.swift in Sources */ = {isa = PBXBuildFile; fileRef = 9961CDC02919630A000EA35B /* ContentView.swift */; };
		9961CDC32919630A000EA35B /* Assets.xcassets in Resources */ = {isa = PBXBuildFile; fileRef = 9961CDC22919630A000EA35B /* Assets.xcassets */; };
		9961CDC62919630A000EA35B /* Preview Assets.xcassets in Resources */ = {isa = PBXBuildFile; fileRef = 9961CDC52919630A000EA35B /* Preview Assets.xcassets */; };
		9961CDD02919630B000EA35B /* DiscogsTCATests.swift in Sources */ = {isa = PBXBuildFile; fileRef = 9961CDCF2919630B000EA35B /* DiscogsTCATests.swift */; };
		9961CDDA2919630B000EA35B /* DiscogsTCAUITests.swift in Sources */ = {isa = PBXBuildFile; fileRef = 9961CDD92919630B000EA35B /* DiscogsTCAUITests.swift */; };
		9961CDDC2919630B000EA35B /* DiscogsTCAUITestsLaunchTests.swift in Sources */ = {isa = PBXBuildFile; fileRef = 9961CDDB2919630B000EA35B /* DiscogsTCAUITestsLaunchTests.swift */; };
		9961CDEB2919640B000EA35B /* ComposableArchitecture in Frameworks */ = {isa = PBXBuildFile; productRef = 9961CDEA2919640B000EA35B /* ComposableArchitecture */; };
		9961CDEE29196431000EA35B /* InventoryFeature.swift in Sources */ = {isa = PBXBuildFile; fileRef = 9961CDED29196431000EA35B /* InventoryFeature.swift */; };
		9961CDF929196693000EA35B /* Core in Frameworks */ = {isa = PBXBuildFile; productRef = 9961CDF829196693000EA35B /* Core */; };
		9986AB0F28F8773D0081D01C /* SellersView.swift in Sources */ = {isa = PBXBuildFile; fileRef = 9986AB0E28F8773D0081D01C /* SellersView.swift */; };
		99D5B13528F56DB400E07E76 /* ListingsViewModel.swift in Sources */ = {isa = PBXBuildFile; fileRef = 99D5B13428F56DB400E07E76 /* ListingsViewModel.swift */; };
		99D5B13928F5EBD900E07E76 /* ListingItemView.swift in Sources */ = {isa = PBXBuildFile; fileRef = 99D5B13828F5EBD900E07E76 /* ListingItemView.swift */; };
		99DE2C1A28F6E07400EA0DD2 /* ListingItemViewModel.swift in Sources */ = {isa = PBXBuildFile; fileRef = 99DE2C1928F6E07400EA0DD2 /* ListingItemViewModel.swift */; };
/* End PBXBuildFile section */

/* Begin PBXContainerItemProxy section */
		9922114728CCE8BB00F32005 /* PBXContainerItemProxy */ = {
			isa = PBXContainerItemProxy;
			containerPortal = 9922112E28CCE8BA00F32005 /* Project object */;
			proxyType = 1;
			remoteGlobalIDString = 9922113528CCE8BA00F32005;
			remoteInfo = Discogs;
		};
		9922115128CCE8BB00F32005 /* PBXContainerItemProxy */ = {
			isa = PBXContainerItemProxy;
			containerPortal = 9922112E28CCE8BA00F32005 /* Project object */;
			proxyType = 1;
			remoteGlobalIDString = 9922113528CCE8BA00F32005;
			remoteInfo = Discogs;
		};
		9961CDCC2919630B000EA35B /* PBXContainerItemProxy */ = {
			isa = PBXContainerItemProxy;
			containerPortal = 9922112E28CCE8BA00F32005 /* Project object */;
			proxyType = 1;
			remoteGlobalIDString = 9961CDBB2919630A000EA35B;
			remoteInfo = DiscogsTCA;
		};
		9961CDD62919630B000EA35B /* PBXContainerItemProxy */ = {
			isa = PBXContainerItemProxy;
			containerPortal = 9922112E28CCE8BA00F32005 /* Project object */;
			proxyType = 1;
			remoteGlobalIDString = 9961CDBB2919630A000EA35B;
			remoteInfo = DiscogsTCA;
		};
/* End PBXContainerItemProxy section */

/* Begin PBXFileReference section */
		990C18FD29196C8C0098532B /* InventoryView.swift */ = {isa = PBXFileReference; lastKnownFileType = sourcecode.swift; path = InventoryView.swift; sourceTree = "<group>"; };
		990C18FF29197E1A0098532B /* Info.plist */ = {isa = PBXFileReference; lastKnownFileType = text.plist; path = Info.plist; sourceTree = "<group>"; };
		9922113628CCE8BA00F32005 /* Discogs.app */ = {isa = PBXFileReference; explicitFileType = wrapper.application; includeInIndex = 0; path = Discogs.app; sourceTree = BUILT_PRODUCTS_DIR; };
		9922113928CCE8BA00F32005 /* DiscogsApp.swift */ = {isa = PBXFileReference; lastKnownFileType = sourcecode.swift; path = DiscogsApp.swift; sourceTree = "<group>"; };
		9922113D28CCE8BB00F32005 /* Assets.xcassets */ = {isa = PBXFileReference; lastKnownFileType = folder.assetcatalog; path = Assets.xcassets; sourceTree = "<group>"; };
		9922114028CCE8BB00F32005 /* Preview Assets.xcassets */ = {isa = PBXFileReference; lastKnownFileType = folder.assetcatalog; path = "Preview Assets.xcassets"; sourceTree = "<group>"; };
		9922114628CCE8BB00F32005 /* DiscogsTests.xctest */ = {isa = PBXFileReference; explicitFileType = wrapper.cfbundle; includeInIndex = 0; path = DiscogsTests.xctest; sourceTree = BUILT_PRODUCTS_DIR; };
		9922114A28CCE8BB00F32005 /* DiscogsTests.swift */ = {isa = PBXFileReference; lastKnownFileType = sourcecode.swift; path = DiscogsTests.swift; sourceTree = "<group>"; };
		9922115028CCE8BB00F32005 /* DiscogsUITests.xctest */ = {isa = PBXFileReference; explicitFileType = wrapper.cfbundle; includeInIndex = 0; path = DiscogsUITests.xctest; sourceTree = BUILT_PRODUCTS_DIR; };
		9922115428CCE8BB00F32005 /* DiscogsUITests.swift */ = {isa = PBXFileReference; lastKnownFileType = sourcecode.swift; path = DiscogsUITests.swift; sourceTree = "<group>"; };
		9922115628CCE8BB00F32005 /* DiscogsUITestsLaunchTests.swift */ = {isa = PBXFileReference; lastKnownFileType = sourcecode.swift; path = DiscogsUITestsLaunchTests.swift; sourceTree = "<group>"; };
		9922116928CDD2AD00F32005 /* ReleaseView.swift */ = {isa = PBXFileReference; lastKnownFileType = sourcecode.swift; path = ReleaseView.swift; sourceTree = "<group>"; };
		9922116B28D26A0600F32005 /* ListingsView.swift */ = {isa = PBXFileReference; lastKnownFileType = sourcecode.swift; path = ListingsView.swift; sourceTree = "<group>"; };
		99382DA0290940C4008F3376 /* ImageLoader.swift */ = {isa = PBXFileReference; lastKnownFileType = sourcecode.swift; path = ImageLoader.swift; sourceTree = "<group>"; };
		9961CD78291514C2000EA35B /* Keys.xcconfig */ = {isa = PBXFileReference; lastKnownFileType = text.xcconfig; path = Keys.xcconfig; sourceTree = "<group>"; };
		9961CD7929151598000EA35B /* Info.plist */ = {isa = PBXFileReference; lastKnownFileType = text.plist; path = Info.plist; sourceTree = "<group>"; };
		9961CDBC2919630A000EA35B /* DiscogsTCA.app */ = {isa = PBXFileReference; explicitFileType = wrapper.application; includeInIndex = 0; path = DiscogsTCA.app; sourceTree = BUILT_PRODUCTS_DIR; };
		9961CDBE2919630A000EA35B /* DiscogsTCAApp.swift */ = {isa = PBXFileReference; lastKnownFileType = sourcecode.swift; path = DiscogsTCAApp.swift; sourceTree = "<group>"; };
		9961CDC02919630A000EA35B /* ContentView.swift */ = {isa = PBXFileReference; lastKnownFileType = sourcecode.swift; path = ContentView.swift; sourceTree = "<group>"; };
		9961CDC22919630A000EA35B /* Assets.xcassets */ = {isa = PBXFileReference; lastKnownFileType = folder.assetcatalog; path = Assets.xcassets; sourceTree = "<group>"; };
		9961CDC52919630A000EA35B /* Preview Assets.xcassets */ = {isa = PBXFileReference; lastKnownFileType = folder.assetcatalog; path = "Preview Assets.xcassets"; sourceTree = "<group>"; };
		9961CDCB2919630B000EA35B /* DiscogsTCATests.xctest */ = {isa = PBXFileReference; explicitFileType = wrapper.cfbundle; includeInIndex = 0; path = DiscogsTCATests.xctest; sourceTree = BUILT_PRODUCTS_DIR; };
		9961CDCF2919630B000EA35B /* DiscogsTCATests.swift */ = {isa = PBXFileReference; lastKnownFileType = sourcecode.swift; path = DiscogsTCATests.swift; sourceTree = "<group>"; };
		9961CDD52919630B000EA35B /* DiscogsTCAUITests.xctest */ = {isa = PBXFileReference; explicitFileType = wrapper.cfbundle; includeInIndex = 0; path = DiscogsTCAUITests.xctest; sourceTree = BUILT_PRODUCTS_DIR; };
		9961CDD92919630B000EA35B /* DiscogsTCAUITests.swift */ = {isa = PBXFileReference; lastKnownFileType = sourcecode.swift; path = DiscogsTCAUITests.swift; sourceTree = "<group>"; };
		9961CDDB2919630B000EA35B /* DiscogsTCAUITestsLaunchTests.swift */ = {isa = PBXFileReference; lastKnownFileType = sourcecode.swift; path = DiscogsTCAUITestsLaunchTests.swift; sourceTree = "<group>"; };
		9961CDED29196431000EA35B /* InventoryFeature.swift */ = {isa = PBXFileReference; lastKnownFileType = sourcecode.swift; path = InventoryFeature.swift; sourceTree = "<group>"; };
		9961CDF7291965FA000EA35B /* Core */ = {isa = PBXFileReference; lastKnownFileType = wrapper; path = Core; sourceTree = "<group>"; };
		9986AB0E28F8773D0081D01C /* SellersView.swift */ = {isa = PBXFileReference; lastKnownFileType = sourcecode.swift; path = SellersView.swift; sourceTree = "<group>"; };
		99D5B13428F56DB400E07E76 /* ListingsViewModel.swift */ = {isa = PBXFileReference; lastKnownFileType = sourcecode.swift; path = ListingsViewModel.swift; sourceTree = "<group>"; };
		99D5B13828F5EBD900E07E76 /* ListingItemView.swift */ = {isa = PBXFileReference; lastKnownFileType = sourcecode.swift; path = ListingItemView.swift; sourceTree = "<group>"; };
		99DE2C1928F6E07400EA0DD2 /* ListingItemViewModel.swift */ = {isa = PBXFileReference; lastKnownFileType = sourcecode.swift; path = ListingItemViewModel.swift; sourceTree = "<group>"; };
/* End PBXFileReference section */

/* Begin PBXFrameworksBuildPhase section */
		9922113328CCE8BA00F32005 /* Frameworks */ = {
			isa = PBXFrameworksBuildPhase;
			buildActionMask = 2147483647;
			files = (
				9961CDF929196693000EA35B /* Core in Frameworks */,
			);
			runOnlyForDeploymentPostprocessing = 0;
		};
		9922114328CCE8BB00F32005 /* Frameworks */ = {
			isa = PBXFrameworksBuildPhase;
			buildActionMask = 2147483647;
			files = (
			);
			runOnlyForDeploymentPostprocessing = 0;
		};
		9922114D28CCE8BB00F32005 /* Frameworks */ = {
			isa = PBXFrameworksBuildPhase;
			buildActionMask = 2147483647;
			files = (
			);
			runOnlyForDeploymentPostprocessing = 0;
		};
		9961CDB92919630A000EA35B /* Frameworks */ = {
			isa = PBXFrameworksBuildPhase;
			buildActionMask = 2147483647;
			files = (
				9961CDEB2919640B000EA35B /* ComposableArchitecture in Frameworks */,
				990C18FC29196C310098532B /* Core in Frameworks */,
			);
			runOnlyForDeploymentPostprocessing = 0;
		};
		9961CDC82919630B000EA35B /* Frameworks */ = {
			isa = PBXFrameworksBuildPhase;
			buildActionMask = 2147483647;
			files = (
			);
			runOnlyForDeploymentPostprocessing = 0;
		};
		9961CDD22919630B000EA35B /* Frameworks */ = {
			isa = PBXFrameworksBuildPhase;
			buildActionMask = 2147483647;
			files = (
			);
			runOnlyForDeploymentPostprocessing = 0;
		};
/* End PBXFrameworksBuildPhase section */

/* Begin PBXGroup section */
		9922112D28CCE8BA00F32005 = {
			isa = PBXGroup;
			children = (
				9961CDF7291965FA000EA35B /* Core */,
				9961CD78291514C2000EA35B /* Keys.xcconfig */,
				9922113828CCE8BA00F32005 /* Discogs */,
				9922114928CCE8BB00F32005 /* DiscogsTests */,
				9922115328CCE8BB00F32005 /* DiscogsUITests */,
				9961CDBD2919630A000EA35B /* DiscogsTCA */,
				9961CDCE2919630B000EA35B /* DiscogsTCATests */,
				9961CDD82919630B000EA35B /* DiscogsTCAUITests */,
				9922113728CCE8BA00F32005 /* Products */,
				9961CDE92919640B000EA35B /* Frameworks */,
			);
			sourceTree = "<group>";
		};
		9922113728CCE8BA00F32005 /* Products */ = {
			isa = PBXGroup;
			children = (
				9922113628CCE8BA00F32005 /* Discogs.app */,
				9922114628CCE8BB00F32005 /* DiscogsTests.xctest */,
				9922115028CCE8BB00F32005 /* DiscogsUITests.xctest */,
				9961CDBC2919630A000EA35B /* DiscogsTCA.app */,
				9961CDCB2919630B000EA35B /* DiscogsTCATests.xctest */,
				9961CDD52919630B000EA35B /* DiscogsTCAUITests.xctest */,
			);
			name = Products;
			sourceTree = "<group>";
		};
		9922113828CCE8BA00F32005 /* Discogs */ = {
			isa = PBXGroup;
			children = (
				9961CD7929151598000EA35B /* Info.plist */,
				9986AB0D28F8772C0081D01C /* SellersView */,
				99DE2C1B28F6E09900EA0DD2 /* ReleaseView */,
				99DE2C1828F6E06100EA0DD2 /* ListingItemView */,
				99DE2C1728F6E04E00EA0DD2 /* ListingsView */,
				99D5B13128F55F2E00E07E76 /* Utilities */,
				9922113928CCE8BA00F32005 /* DiscogsApp.swift */,
				9922113D28CCE8BB00F32005 /* Assets.xcassets */,
				9922113F28CCE8BB00F32005 /* Preview Content */,
			);
			path = Discogs;
			sourceTree = "<group>";
		};
		9922113F28CCE8BB00F32005 /* Preview Content */ = {
			isa = PBXGroup;
			children = (
				9922114028CCE8BB00F32005 /* Preview Assets.xcassets */,
			);
			path = "Preview Content";
			sourceTree = "<group>";
		};
		9922114928CCE8BB00F32005 /* DiscogsTests */ = {
			isa = PBXGroup;
			children = (
				9922114A28CCE8BB00F32005 /* DiscogsTests.swift */,
			);
			path = DiscogsTests;
			sourceTree = "<group>";
		};
		9922115328CCE8BB00F32005 /* DiscogsUITests */ = {
			isa = PBXGroup;
			children = (
				9922115428CCE8BB00F32005 /* DiscogsUITests.swift */,
				9922115628CCE8BB00F32005 /* DiscogsUITestsLaunchTests.swift */,
			);
			path = DiscogsUITests;
			sourceTree = "<group>";
		};
		9961CDBD2919630A000EA35B /* DiscogsTCA */ = {
			isa = PBXGroup;
			children = (
				990C18FF29197E1A0098532B /* Info.plist */,
				9961CDEC29196420000EA35B /* Inventory */,
				9961CDBE2919630A000EA35B /* DiscogsTCAApp.swift */,
				9961CDC02919630A000EA35B /* ContentView.swift */,
				9961CDC22919630A000EA35B /* Assets.xcassets */,
				9961CDC42919630A000EA35B /* Preview Content */,
			);
			path = DiscogsTCA;
			sourceTree = "<group>";
		};
		9961CDC42919630A000EA35B /* Preview Content */ = {
			isa = PBXGroup;
			children = (
				9961CDC52919630A000EA35B /* Preview Assets.xcassets */,
			);
			path = "Preview Content";
			sourceTree = "<group>";
		};
		9961CDCE2919630B000EA35B /* DiscogsTCATests */ = {
			isa = PBXGroup;
			children = (
				9961CDCF2919630B000EA35B /* DiscogsTCATests.swift */,
			);
			path = DiscogsTCATests;
			sourceTree = "<group>";
		};
		9961CDD82919630B000EA35B /* DiscogsTCAUITests */ = {
			isa = PBXGroup;
			children = (
				9961CDD92919630B000EA35B /* DiscogsTCAUITests.swift */,
				9961CDDB2919630B000EA35B /* DiscogsTCAUITestsLaunchTests.swift */,
			);
			path = DiscogsTCAUITests;
			sourceTree = "<group>";
		};
		9961CDE92919640B000EA35B /* Frameworks */ = {
			isa = PBXGroup;
			children = (
			);
			name = Frameworks;
			sourceTree = "<group>";
		};
		9961CDEC29196420000EA35B /* Inventory */ = {
			isa = PBXGroup;
			children = (
				9961CDED29196431000EA35B /* InventoryFeature.swift */,
				990C18FD29196C8C0098532B /* InventoryView.swift */,
			);
			path = Inventory;
			sourceTree = "<group>";
		};
		9986AB0D28F8772C0081D01C /* SellersView */ = {
			isa = PBXGroup;
			children = (
				9986AB0E28F8773D0081D01C /* SellersView.swift */,
			);
			path = SellersView;
			sourceTree = "<group>";
		};
		99D5B13128F55F2E00E07E76 /* Utilities */ = {
			isa = PBXGroup;
			children = (
				99382DA0290940C4008F3376 /* ImageLoader.swift */,
			);
			path = Utilities;
			sourceTree = "<group>";
		};
		99DE2C1728F6E04E00EA0DD2 /* ListingsView */ = {
			isa = PBXGroup;
			children = (
				9922116B28D26A0600F32005 /* ListingsView.swift */,
				99D5B13428F56DB400E07E76 /* ListingsViewModel.swift */,
			);
			path = ListingsView;
			sourceTree = "<group>";
		};
		99DE2C1828F6E06100EA0DD2 /* ListingItemView */ = {
			isa = PBXGroup;
			children = (
				99D5B13828F5EBD900E07E76 /* ListingItemView.swift */,
				99DE2C1928F6E07400EA0DD2 /* ListingItemViewModel.swift */,
			);
			path = ListingItemView;
			sourceTree = "<group>";
		};
		99DE2C1B28F6E09900EA0DD2 /* ReleaseView */ = {
			isa = PBXGroup;
			children = (
				9922116928CDD2AD00F32005 /* ReleaseView.swift */,
			);
			path = ReleaseView;
			sourceTree = "<group>";
		};
/* End PBXGroup section */

/* Begin PBXNativeTarget section */
		9922113528CCE8BA00F32005 /* Discogs */ = {
			isa = PBXNativeTarget;
			buildConfigurationList = 9922115A28CCE8BB00F32005 /* Build configuration list for PBXNativeTarget "Discogs" */;
			buildPhases = (
				9922113228CCE8BA00F32005 /* Sources */,
				9922113328CCE8BA00F32005 /* Frameworks */,
				9922113428CCE8BA00F32005 /* Resources */,
			);
			buildRules = (
			);
			dependencies = (
			);
			name = Discogs;
			packageProductDependencies = (
				9961CDF829196693000EA35B /* Core */,
			);
			productName = Discogs;
			productReference = 9922113628CCE8BA00F32005 /* Discogs.app */;
			productType = "com.apple.product-type.application";
		};
		9922114528CCE8BB00F32005 /* DiscogsTests */ = {
			isa = PBXNativeTarget;
			buildConfigurationList = 9922115D28CCE8BB00F32005 /* Build configuration list for PBXNativeTarget "DiscogsTests" */;
			buildPhases = (
				9922114228CCE8BB00F32005 /* Sources */,
				9922114328CCE8BB00F32005 /* Frameworks */,
				9922114428CCE8BB00F32005 /* Resources */,
			);
			buildRules = (
			);
			dependencies = (
				9922114828CCE8BB00F32005 /* PBXTargetDependency */,
			);
			name = DiscogsTests;
			productName = DiscogsTests;
			productReference = 9922114628CCE8BB00F32005 /* DiscogsTests.xctest */;
			productType = "com.apple.product-type.bundle.unit-test";
		};
		9922114F28CCE8BB00F32005 /* DiscogsUITests */ = {
			isa = PBXNativeTarget;
			buildConfigurationList = 9922116028CCE8BB00F32005 /* Build configuration list for PBXNativeTarget "DiscogsUITests" */;
			buildPhases = (
				9922114C28CCE8BB00F32005 /* Sources */,
				9922114D28CCE8BB00F32005 /* Frameworks */,
				9922114E28CCE8BB00F32005 /* Resources */,
			);
			buildRules = (
			);
			dependencies = (
				9922115228CCE8BB00F32005 /* PBXTargetDependency */,
			);
			name = DiscogsUITests;
			productName = DiscogsUITests;
			productReference = 9922115028CCE8BB00F32005 /* DiscogsUITests.xctest */;
			productType = "com.apple.product-type.bundle.ui-testing";
		};
		9961CDBB2919630A000EA35B /* DiscogsTCA */ = {
			isa = PBXNativeTarget;
			buildConfigurationList = 9961CDE32919630B000EA35B /* Build configuration list for PBXNativeTarget "DiscogsTCA" */;
			buildPhases = (
				9961CDB82919630A000EA35B /* Sources */,
				9961CDB92919630A000EA35B /* Frameworks */,
				9961CDBA2919630A000EA35B /* Resources */,
			);
			buildRules = (
			);
			dependencies = (
			);
			name = DiscogsTCA;
			packageProductDependencies = (
				9961CDEA2919640B000EA35B /* ComposableArchitecture */,
				990C18FB29196C310098532B /* Core */,
			);
			productName = DiscogsTCA;
			productReference = 9961CDBC2919630A000EA35B /* DiscogsTCA.app */;
			productType = "com.apple.product-type.application";
		};
		9961CDCA2919630B000EA35B /* DiscogsTCATests */ = {
			isa = PBXNativeTarget;
			buildConfigurationList = 9961CDE42919630B000EA35B /* Build configuration list for PBXNativeTarget "DiscogsTCATests" */;
			buildPhases = (
				9961CDC72919630B000EA35B /* Sources */,
				9961CDC82919630B000EA35B /* Frameworks */,
				9961CDC92919630B000EA35B /* Resources */,
			);
			buildRules = (
			);
			dependencies = (
				9961CDCD2919630B000EA35B /* PBXTargetDependency */,
			);
			name = DiscogsTCATests;
			productName = DiscogsTCATests;
			productReference = 9961CDCB2919630B000EA35B /* DiscogsTCATests.xctest */;
			productType = "com.apple.product-type.bundle.unit-test";
		};
		9961CDD42919630B000EA35B /* DiscogsTCAUITests */ = {
			isa = PBXNativeTarget;
			buildConfigurationList = 9961CDE52919630B000EA35B /* Build configuration list for PBXNativeTarget "DiscogsTCAUITests" */;
			buildPhases = (
				9961CDD12919630B000EA35B /* Sources */,
				9961CDD22919630B000EA35B /* Frameworks */,
				9961CDD32919630B000EA35B /* Resources */,
			);
			buildRules = (
			);
			dependencies = (
				9961CDD72919630B000EA35B /* PBXTargetDependency */,
			);
			name = DiscogsTCAUITests;
			productName = DiscogsTCAUITests;
			productReference = 9961CDD52919630B000EA35B /* DiscogsTCAUITests.xctest */;
			productType = "com.apple.product-type.bundle.ui-testing";
		};
/* End PBXNativeTarget section */

/* Begin PBXProject section */
		9922112E28CCE8BA00F32005 /* Project object */ = {
			isa = PBXProject;
			attributes = {
				BuildIndependentTargetsInParallel = 1;
				LastSwiftUpdateCheck = 1410;
				LastUpgradeCheck = 1400;
				TargetAttributes = {
					9922113528CCE8BA00F32005 = {
						CreatedOnToolsVersion = 14.0;
					};
					9922114528CCE8BB00F32005 = {
						CreatedOnToolsVersion = 14.0;
						TestTargetID = 9922113528CCE8BA00F32005;
					};
					9922114F28CCE8BB00F32005 = {
						CreatedOnToolsVersion = 14.0;
						TestTargetID = 9922113528CCE8BA00F32005;
					};
					9961CDBB2919630A000EA35B = {
						CreatedOnToolsVersion = 14.1;
					};
					9961CDCA2919630B000EA35B = {
						CreatedOnToolsVersion = 14.1;
						TestTargetID = 9961CDBB2919630A000EA35B;
					};
					9961CDD42919630B000EA35B = {
						CreatedOnToolsVersion = 14.1;
						TestTargetID = 9961CDBB2919630A000EA35B;
					};
				};
			};
			buildConfigurationList = 9922113128CCE8BA00F32005 /* Build configuration list for PBXProject "Discogs" */;
			compatibilityVersion = "Xcode 14.0";
			developmentRegion = en;
			hasScannedForEncodings = 0;
			knownRegions = (
				en,
				Base,
			);
			mainGroup = 9922112D28CCE8BA00F32005;
			packageReferences = (
				9961CDE6291963CF000EA35B /* XCRemoteSwiftPackageReference "swift-composable-architecture" */,
			);
			productRefGroup = 9922113728CCE8BA00F32005 /* Products */;
			projectDirPath = "";
			projectRoot = "";
			targets = (
				9922113528CCE8BA00F32005 /* Discogs */,
				9922114528CCE8BB00F32005 /* DiscogsTests */,
				9922114F28CCE8BB00F32005 /* DiscogsUITests */,
				9961CDBB2919630A000EA35B /* DiscogsTCA */,
				9961CDCA2919630B000EA35B /* DiscogsTCATests */,
				9961CDD42919630B000EA35B /* DiscogsTCAUITests */,
			);
		};
/* End PBXProject section */

/* Begin PBXResourcesBuildPhase section */
		9922113428CCE8BA00F32005 /* Resources */ = {
			isa = PBXResourcesBuildPhase;
			buildActionMask = 2147483647;
			files = (
				9922114128CCE8BB00F32005 /* Preview Assets.xcassets in Resources */,
				9922113E28CCE8BB00F32005 /* Assets.xcassets in Resources */,
			);
			runOnlyForDeploymentPostprocessing = 0;
		};
		9922114428CCE8BB00F32005 /* Resources */ = {
			isa = PBXResourcesBuildPhase;
			buildActionMask = 2147483647;
			files = (
			);
			runOnlyForDeploymentPostprocessing = 0;
		};
		9922114E28CCE8BB00F32005 /* Resources */ = {
			isa = PBXResourcesBuildPhase;
			buildActionMask = 2147483647;
			files = (
			);
			runOnlyForDeploymentPostprocessing = 0;
		};
		9961CDBA2919630A000EA35B /* Resources */ = {
			isa = PBXResourcesBuildPhase;
			buildActionMask = 2147483647;
			files = (
				9961CDC62919630A000EA35B /* Preview Assets.xcassets in Resources */,
				9961CDC32919630A000EA35B /* Assets.xcassets in Resources */,
			);
			runOnlyForDeploymentPostprocessing = 0;
		};
		9961CDC92919630B000EA35B /* Resources */ = {
			isa = PBXResourcesBuildPhase;
			buildActionMask = 2147483647;
			files = (
			);
			runOnlyForDeploymentPostprocessing = 0;
		};
		9961CDD32919630B000EA35B /* Resources */ = {
			isa = PBXResourcesBuildPhase;
			buildActionMask = 2147483647;
			files = (
			);
			runOnlyForDeploymentPostprocessing = 0;
		};
/* End PBXResourcesBuildPhase section */

/* Begin PBXSourcesBuildPhase section */
		9922113228CCE8BA00F32005 /* Sources */ = {
			isa = PBXSourcesBuildPhase;
			buildActionMask = 2147483647;
			files = (
				9922116C28D26A0600F32005 /* ListingsView.swift in Sources */,
				9922116A28CDD2AD00F32005 /* ReleaseView.swift in Sources */,
				99D5B13528F56DB400E07E76 /* ListingsViewModel.swift in Sources */,
				9986AB0F28F8773D0081D01C /* SellersView.swift in Sources */,
				9922113A28CCE8BA00F32005 /* DiscogsApp.swift in Sources */,
				99382DA1290940C4008F3376 /* ImageLoader.swift in Sources */,
				99DE2C1A28F6E07400EA0DD2 /* ListingItemViewModel.swift in Sources */,
				99D5B13928F5EBD900E07E76 /* ListingItemView.swift in Sources */,
			);
			runOnlyForDeploymentPostprocessing = 0;
		};
		9922114228CCE8BB00F32005 /* Sources */ = {
			isa = PBXSourcesBuildPhase;
			buildActionMask = 2147483647;
			files = (
				9922114B28CCE8BB00F32005 /* DiscogsTests.swift in Sources */,
			);
			runOnlyForDeploymentPostprocessing = 0;
		};
		9922114C28CCE8BB00F32005 /* Sources */ = {
			isa = PBXSourcesBuildPhase;
			buildActionMask = 2147483647;
			files = (
				9922115528CCE8BB00F32005 /* DiscogsUITests.swift in Sources */,
				9922115728CCE8BB00F32005 /* DiscogsUITestsLaunchTests.swift in Sources */,
			);
			runOnlyForDeploymentPostprocessing = 0;
		};
		9961CDB82919630A000EA35B /* Sources */ = {
			isa = PBXSourcesBuildPhase;
			buildActionMask = 2147483647;
			files = (
				9961CDEE29196431000EA35B /* InventoryFeature.swift in Sources */,
				9961CDC12919630A000EA35B /* ContentView.swift in Sources */,
				9961CDBF2919630A000EA35B /* DiscogsTCAApp.swift in Sources */,
				990C18FE29196C8C0098532B /* InventoryView.swift in Sources */,
			);
			runOnlyForDeploymentPostprocessing = 0;
		};
		9961CDC72919630B000EA35B /* Sources */ = {
			isa = PBXSourcesBuildPhase;
			buildActionMask = 2147483647;
			files = (
				9961CDD02919630B000EA35B /* DiscogsTCATests.swift in Sources */,
			);
			runOnlyForDeploymentPostprocessing = 0;
		};
		9961CDD12919630B000EA35B /* Sources */ = {
			isa = PBXSourcesBuildPhase;
			buildActionMask = 2147483647;
			files = (
				9961CDDC2919630B000EA35B /* DiscogsTCAUITestsLaunchTests.swift in Sources */,
				9961CDDA2919630B000EA35B /* DiscogsTCAUITests.swift in Sources */,
			);
			runOnlyForDeploymentPostprocessing = 0;
		};
/* End PBXSourcesBuildPhase section */

/* Begin PBXTargetDependency section */
		9922114828CCE8BB00F32005 /* PBXTargetDependency */ = {
			isa = PBXTargetDependency;
			target = 9922113528CCE8BA00F32005 /* Discogs */;
			targetProxy = 9922114728CCE8BB00F32005 /* PBXContainerItemProxy */;
		};
		9922115228CCE8BB00F32005 /* PBXTargetDependency */ = {
			isa = PBXTargetDependency;
			target = 9922113528CCE8BA00F32005 /* Discogs */;
			targetProxy = 9922115128CCE8BB00F32005 /* PBXContainerItemProxy */;
		};
		9961CDCD2919630B000EA35B /* PBXTargetDependency */ = {
			isa = PBXTargetDependency;
			target = 9961CDBB2919630A000EA35B /* DiscogsTCA */;
			targetProxy = 9961CDCC2919630B000EA35B /* PBXContainerItemProxy */;
		};
		9961CDD72919630B000EA35B /* PBXTargetDependency */ = {
			isa = PBXTargetDependency;
			target = 9961CDBB2919630A000EA35B /* DiscogsTCA */;
			targetProxy = 9961CDD62919630B000EA35B /* PBXContainerItemProxy */;
		};
/* End PBXTargetDependency section */

/* Begin XCBuildConfiguration section */
		9922115828CCE8BB00F32005 /* Debug */ = {
			isa = XCBuildConfiguration;
			baseConfigurationReference = 9961CD78291514C2000EA35B /* Keys.xcconfig */;
			buildSettings = {
				ALWAYS_SEARCH_USER_PATHS = NO;
				CLANG_ANALYZER_NONNULL = YES;
				CLANG_ANALYZER_NUMBER_OBJECT_CONVERSION = YES_AGGRESSIVE;
				CLANG_CXX_LANGUAGE_STANDARD = "gnu++20";
				CLANG_ENABLE_MODULES = YES;
				CLANG_ENABLE_OBJC_ARC = YES;
				CLANG_ENABLE_OBJC_WEAK = YES;
				CLANG_WARN_BLOCK_CAPTURE_AUTORELEASING = YES;
				CLANG_WARN_BOOL_CONVERSION = YES;
				CLANG_WARN_COMMA = YES;
				CLANG_WARN_CONSTANT_CONVERSION = YES;
				CLANG_WARN_DEPRECATED_OBJC_IMPLEMENTATIONS = YES;
				CLANG_WARN_DIRECT_OBJC_ISA_USAGE = YES_ERROR;
				CLANG_WARN_DOCUMENTATION_COMMENTS = YES;
				CLANG_WARN_EMPTY_BODY = YES;
				CLANG_WARN_ENUM_CONVERSION = YES;
				CLANG_WARN_INFINITE_RECURSION = YES;
				CLANG_WARN_INT_CONVERSION = YES;
				CLANG_WARN_NON_LITERAL_NULL_CONVERSION = YES;
				CLANG_WARN_OBJC_IMPLICIT_RETAIN_SELF = YES;
				CLANG_WARN_OBJC_LITERAL_CONVERSION = YES;
				CLANG_WARN_OBJC_ROOT_CLASS = YES_ERROR;
				CLANG_WARN_QUOTED_INCLUDE_IN_FRAMEWORK_HEADER = YES;
				CLANG_WARN_RANGE_LOOP_ANALYSIS = YES;
				CLANG_WARN_STRICT_PROTOTYPES = YES;
				CLANG_WARN_SUSPICIOUS_MOVE = YES;
				CLANG_WARN_UNGUARDED_AVAILABILITY = YES_AGGRESSIVE;
				CLANG_WARN_UNREACHABLE_CODE = YES;
				CLANG_WARN__DUPLICATE_METHOD_MATCH = YES;
				COPY_PHASE_STRIP = NO;
				DEBUG_INFORMATION_FORMAT = dwarf;
				ENABLE_STRICT_OBJC_MSGSEND = YES;
				ENABLE_TESTABILITY = YES;
				GCC_C_LANGUAGE_STANDARD = gnu11;
				GCC_DYNAMIC_NO_PIC = NO;
				GCC_NO_COMMON_BLOCKS = YES;
				GCC_OPTIMIZATION_LEVEL = 0;
				GCC_PREPROCESSOR_DEFINITIONS = (
					"DEBUG=1",
					"$(inherited)",
				);
				GCC_WARN_64_TO_32_BIT_CONVERSION = YES;
				GCC_WARN_ABOUT_RETURN_TYPE = YES_ERROR;
				GCC_WARN_UNDECLARED_SELECTOR = YES;
				GCC_WARN_UNINITIALIZED_AUTOS = YES_AGGRESSIVE;
				GCC_WARN_UNUSED_FUNCTION = YES;
				GCC_WARN_UNUSED_VARIABLE = YES;
				IPHONEOS_DEPLOYMENT_TARGET = 16.0;
				MTL_ENABLE_DEBUG_INFO = INCLUDE_SOURCE;
				MTL_FAST_MATH = YES;
				ONLY_ACTIVE_ARCH = YES;
				SDKROOT = iphoneos;
				SWIFT_ACTIVE_COMPILATION_CONDITIONS = DEBUG;
				SWIFT_OPTIMIZATION_LEVEL = "-Onone";
			};
			name = Debug;
		};
		9922115928CCE8BB00F32005 /* Release */ = {
			isa = XCBuildConfiguration;
			baseConfigurationReference = 9961CD78291514C2000EA35B /* Keys.xcconfig */;
			buildSettings = {
				ALWAYS_SEARCH_USER_PATHS = NO;
				CLANG_ANALYZER_NONNULL = YES;
				CLANG_ANALYZER_NUMBER_OBJECT_CONVERSION = YES_AGGRESSIVE;
				CLANG_CXX_LANGUAGE_STANDARD = "gnu++20";
				CLANG_ENABLE_MODULES = YES;
				CLANG_ENABLE_OBJC_ARC = YES;
				CLANG_ENABLE_OBJC_WEAK = YES;
				CLANG_WARN_BLOCK_CAPTURE_AUTORELEASING = YES;
				CLANG_WARN_BOOL_CONVERSION = YES;
				CLANG_WARN_COMMA = YES;
				CLANG_WARN_CONSTANT_CONVERSION = YES;
				CLANG_WARN_DEPRECATED_OBJC_IMPLEMENTATIONS = YES;
				CLANG_WARN_DIRECT_OBJC_ISA_USAGE = YES_ERROR;
				CLANG_WARN_DOCUMENTATION_COMMENTS = YES;
				CLANG_WARN_EMPTY_BODY = YES;
				CLANG_WARN_ENUM_CONVERSION = YES;
				CLANG_WARN_INFINITE_RECURSION = YES;
				CLANG_WARN_INT_CONVERSION = YES;
				CLANG_WARN_NON_LITERAL_NULL_CONVERSION = YES;
				CLANG_WARN_OBJC_IMPLICIT_RETAIN_SELF = YES;
				CLANG_WARN_OBJC_LITERAL_CONVERSION = YES;
				CLANG_WARN_OBJC_ROOT_CLASS = YES_ERROR;
				CLANG_WARN_QUOTED_INCLUDE_IN_FRAMEWORK_HEADER = YES;
				CLANG_WARN_RANGE_LOOP_ANALYSIS = YES;
				CLANG_WARN_STRICT_PROTOTYPES = YES;
				CLANG_WARN_SUSPICIOUS_MOVE = YES;
				CLANG_WARN_UNGUARDED_AVAILABILITY = YES_AGGRESSIVE;
				CLANG_WARN_UNREACHABLE_CODE = YES;
				CLANG_WARN__DUPLICATE_METHOD_MATCH = YES;
				COPY_PHASE_STRIP = NO;
				DEBUG_INFORMATION_FORMAT = "dwarf-with-dsym";
				ENABLE_NS_ASSERTIONS = NO;
				ENABLE_STRICT_OBJC_MSGSEND = YES;
				GCC_C_LANGUAGE_STANDARD = gnu11;
				GCC_NO_COMMON_BLOCKS = YES;
				GCC_WARN_64_TO_32_BIT_CONVERSION = YES;
				GCC_WARN_ABOUT_RETURN_TYPE = YES_ERROR;
				GCC_WARN_UNDECLARED_SELECTOR = YES;
				GCC_WARN_UNINITIALIZED_AUTOS = YES_AGGRESSIVE;
				GCC_WARN_UNUSED_FUNCTION = YES;
				GCC_WARN_UNUSED_VARIABLE = YES;
				IPHONEOS_DEPLOYMENT_TARGET = 16.0;
				MTL_ENABLE_DEBUG_INFO = NO;
				MTL_FAST_MATH = YES;
				SDKROOT = iphoneos;
				SWIFT_COMPILATION_MODE = wholemodule;
				SWIFT_OPTIMIZATION_LEVEL = "-O";
				VALIDATE_PRODUCT = YES;
			};
			name = Release;
		};
		9922115B28CCE8BB00F32005 /* Debug */ = {
			isa = XCBuildConfiguration;
			buildSettings = {
				ASSETCATALOG_COMPILER_APPICON_NAME = AppIcon;
				ASSETCATALOG_COMPILER_GLOBAL_ACCENT_COLOR_NAME = AccentColor;
				CODE_SIGN_STYLE = Automatic;
				CURRENT_PROJECT_VERSION = 1;
				DEVELOPMENT_ASSET_PATHS = "\"Discogs/Preview Content\"";
				ENABLE_PREVIEWS = YES;
				GENERATE_INFOPLIST_FILE = YES;
				INFOPLIST_FILE = Discogs/Info.plist;
				INFOPLIST_KEY_UIApplicationSceneManifest_Generation = YES;
				INFOPLIST_KEY_UIApplicationSupportsIndirectInputEvents = YES;
				INFOPLIST_KEY_UILaunchScreen_Generation = YES;
				INFOPLIST_KEY_UISupportedInterfaceOrientations_iPad = "UIInterfaceOrientationPortrait UIInterfaceOrientationPortraitUpsideDown UIInterfaceOrientationLandscapeLeft UIInterfaceOrientationLandscapeRight";
				INFOPLIST_KEY_UISupportedInterfaceOrientations_iPhone = "UIInterfaceOrientationPortrait UIInterfaceOrientationLandscapeLeft UIInterfaceOrientationLandscapeRight";
				LD_RUNPATH_SEARCH_PATHS = (
					"$(inherited)",
					"@executable_path/Frameworks",
				);
				MARKETING_VERSION = 1.0;
				PRODUCT_BUNDLE_IDENTIFIER = oleglanger.Discogs;
				PRODUCT_NAME = "$(TARGET_NAME)";
				SWIFT_EMIT_LOC_STRINGS = YES;
				SWIFT_STRICT_CONCURRENCY = targeted;
				SWIFT_VERSION = 5.0;
				TARGETED_DEVICE_FAMILY = "1,2";
			};
			name = Debug;
		};
		9922115C28CCE8BB00F32005 /* Release */ = {
			isa = XCBuildConfiguration;
			buildSettings = {
				ASSETCATALOG_COMPILER_APPICON_NAME = AppIcon;
				ASSETCATALOG_COMPILER_GLOBAL_ACCENT_COLOR_NAME = AccentColor;
				CODE_SIGN_STYLE = Automatic;
				CURRENT_PROJECT_VERSION = 1;
				DEVELOPMENT_ASSET_PATHS = "\"Discogs/Preview Content\"";
				ENABLE_PREVIEWS = YES;
				GENERATE_INFOPLIST_FILE = YES;
				INFOPLIST_FILE = Discogs/Info.plist;
				INFOPLIST_KEY_UIApplicationSceneManifest_Generation = YES;
				INFOPLIST_KEY_UIApplicationSupportsIndirectInputEvents = YES;
				INFOPLIST_KEY_UILaunchScreen_Generation = YES;
				INFOPLIST_KEY_UISupportedInterfaceOrientations_iPad = "UIInterfaceOrientationPortrait UIInterfaceOrientationPortraitUpsideDown UIInterfaceOrientationLandscapeLeft UIInterfaceOrientationLandscapeRight";
				INFOPLIST_KEY_UISupportedInterfaceOrientations_iPhone = "UIInterfaceOrientationPortrait UIInterfaceOrientationLandscapeLeft UIInterfaceOrientationLandscapeRight";
				LD_RUNPATH_SEARCH_PATHS = (
					"$(inherited)",
					"@executable_path/Frameworks",
				);
				MARKETING_VERSION = 1.0;
				PRODUCT_BUNDLE_IDENTIFIER = oleglanger.Discogs;
				PRODUCT_NAME = "$(TARGET_NAME)";
				SWIFT_EMIT_LOC_STRINGS = YES;
				SWIFT_STRICT_CONCURRENCY = targeted;
				SWIFT_VERSION = 5.0;
				TARGETED_DEVICE_FAMILY = "1,2";
			};
			name = Release;
		};
		9922115E28CCE8BB00F32005 /* Debug */ = {
			isa = XCBuildConfiguration;
			buildSettings = {
				ALWAYS_EMBED_SWIFT_STANDARD_LIBRARIES = YES;
				BUNDLE_LOADER = "$(TEST_HOST)";
				CODE_SIGN_STYLE = Automatic;
				CURRENT_PROJECT_VERSION = 1;
				GENERATE_INFOPLIST_FILE = YES;
				IPHONEOS_DEPLOYMENT_TARGET = 16.0;
				MARKETING_VERSION = 1.0;
				PRODUCT_BUNDLE_IDENTIFIER = oleglanger.DiscogsTests;
				PRODUCT_NAME = "$(TARGET_NAME)";
				SWIFT_EMIT_LOC_STRINGS = NO;
				SWIFT_VERSION = 5.0;
				TARGETED_DEVICE_FAMILY = "1,2";
				TEST_HOST = "$(BUILT_PRODUCTS_DIR)/Discogs.app/$(BUNDLE_EXECUTABLE_FOLDER_PATH)/Discogs";
			};
			name = Debug;
		};
		9922115F28CCE8BB00F32005 /* Release */ = {
			isa = XCBuildConfiguration;
			buildSettings = {
				ALWAYS_EMBED_SWIFT_STANDARD_LIBRARIES = YES;
				BUNDLE_LOADER = "$(TEST_HOST)";
				CODE_SIGN_STYLE = Automatic;
				CURRENT_PROJECT_VERSION = 1;
				GENERATE_INFOPLIST_FILE = YES;
				IPHONEOS_DEPLOYMENT_TARGET = 16.0;
				MARKETING_VERSION = 1.0;
				PRODUCT_BUNDLE_IDENTIFIER = oleglanger.DiscogsTests;
				PRODUCT_NAME = "$(TARGET_NAME)";
				SWIFT_EMIT_LOC_STRINGS = NO;
				SWIFT_VERSION = 5.0;
				TARGETED_DEVICE_FAMILY = "1,2";
				TEST_HOST = "$(BUILT_PRODUCTS_DIR)/Discogs.app/$(BUNDLE_EXECUTABLE_FOLDER_PATH)/Discogs";
			};
			name = Release;
		};
		9922116128CCE8BB00F32005 /* Debug */ = {
			isa = XCBuildConfiguration;
			buildSettings = {
				ALWAYS_EMBED_SWIFT_STANDARD_LIBRARIES = YES;
				CODE_SIGN_STYLE = Automatic;
				CURRENT_PROJECT_VERSION = 1;
				GENERATE_INFOPLIST_FILE = YES;
				MARKETING_VERSION = 1.0;
				PRODUCT_BUNDLE_IDENTIFIER = oleglanger.DiscogsUITests;
				PRODUCT_NAME = "$(TARGET_NAME)";
				SWIFT_EMIT_LOC_STRINGS = NO;
				SWIFT_VERSION = 5.0;
				TARGETED_DEVICE_FAMILY = "1,2";
				TEST_TARGET_NAME = Discogs;
			};
			name = Debug;
		};
		9922116228CCE8BB00F32005 /* Release */ = {
			isa = XCBuildConfiguration;
			buildSettings = {
				ALWAYS_EMBED_SWIFT_STANDARD_LIBRARIES = YES;
				CODE_SIGN_STYLE = Automatic;
				CURRENT_PROJECT_VERSION = 1;
				GENERATE_INFOPLIST_FILE = YES;
				MARKETING_VERSION = 1.0;
				PRODUCT_BUNDLE_IDENTIFIER = oleglanger.DiscogsUITests;
				PRODUCT_NAME = "$(TARGET_NAME)";
				SWIFT_EMIT_LOC_STRINGS = NO;
				SWIFT_VERSION = 5.0;
				TARGETED_DEVICE_FAMILY = "1,2";
				TEST_TARGET_NAME = Discogs;
			};
			name = Release;
		};
		9961CDDD2919630B000EA35B /* Debug */ = {
			isa = XCBuildConfiguration;
			baseConfigurationReference = 9961CD78291514C2000EA35B /* Keys.xcconfig */;
			buildSettings = {
				ASSETCATALOG_COMPILER_APPICON_NAME = AppIcon;
				ASSETCATALOG_COMPILER_GLOBAL_ACCENT_COLOR_NAME = AccentColor;
				CODE_SIGN_STYLE = Automatic;
				CURRENT_PROJECT_VERSION = 1;
				DEVELOPMENT_ASSET_PATHS = "\"DiscogsTCA/Preview Content\"";
				ENABLE_PREVIEWS = YES;
				GENERATE_INFOPLIST_FILE = YES;
				INFOPLIST_FILE = DiscogsTCA/Info.plist;
				INFOPLIST_KEY_UIApplicationSceneManifest_Generation = YES;
				INFOPLIST_KEY_UIApplicationSupportsIndirectInputEvents = YES;
				INFOPLIST_KEY_UILaunchScreen_Generation = YES;
				INFOPLIST_KEY_UISupportedInterfaceOrientations_iPad = "UIInterfaceOrientationPortrait UIInterfaceOrientationPortraitUpsideDown UIInterfaceOrientationLandscapeLeft UIInterfaceOrientationLandscapeRight";
				INFOPLIST_KEY_UISupportedInterfaceOrientations_iPhone = "UIInterfaceOrientationPortrait UIInterfaceOrientationLandscapeLeft UIInterfaceOrientationLandscapeRight";
				IPHONEOS_DEPLOYMENT_TARGET = 16.1;
				LD_RUNPATH_SEARCH_PATHS = (
					"$(inherited)",
					"@executable_path/Frameworks",
				);
				MARKETING_VERSION = 1.0;
				PRODUCT_BUNDLE_IDENTIFIER = oleglanger.DiscogsTCA;
				PRODUCT_NAME = "$(TARGET_NAME)";
				SWIFT_EMIT_LOC_STRINGS = YES;
				SWIFT_VERSION = 5.0;
				TARGETED_DEVICE_FAMILY = "1,2";
			};
			name = Debug;
		};
		9961CDDE2919630B000EA35B /* Release */ = {
			isa = XCBuildConfiguration;
			baseConfigurationReference = 9961CD78291514C2000EA35B /* Keys.xcconfig */;
			buildSettings = {
				ASSETCATALOG_COMPILER_APPICON_NAME = AppIcon;
				ASSETCATALOG_COMPILER_GLOBAL_ACCENT_COLOR_NAME = AccentColor;
				CODE_SIGN_STYLE = Automatic;
				CURRENT_PROJECT_VERSION = 1;
				DEVELOPMENT_ASSET_PATHS = "\"DiscogsTCA/Preview Content\"";
				ENABLE_PREVIEWS = YES;
				GENERATE_INFOPLIST_FILE = YES;
				INFOPLIST_FILE = DiscogsTCA/Info.plist;
				INFOPLIST_KEY_UIApplicationSceneManifest_Generation = YES;
				INFOPLIST_KEY_UIApplicationSupportsIndirectInputEvents = YES;
				INFOPLIST_KEY_UILaunchScreen_Generation = YES;
				INFOPLIST_KEY_UISupportedInterfaceOrientations_iPad = "UIInterfaceOrientationPortrait UIInterfaceOrientationPortraitUpsideDown UIInterfaceOrientationLandscapeLeft UIInterfaceOrientationLandscapeRight";
				INFOPLIST_KEY_UISupportedInterfaceOrientations_iPhone = "UIInterfaceOrientationPortrait UIInterfaceOrientationLandscapeLeft UIInterfaceOrientationLandscapeRight";
				IPHONEOS_DEPLOYMENT_TARGET = 16.1;
				LD_RUNPATH_SEARCH_PATHS = (
					"$(inherited)",
					"@executable_path/Frameworks",
				);
				MARKETING_VERSION = 1.0;
				PRODUCT_BUNDLE_IDENTIFIER = oleglanger.DiscogsTCA;
				PRODUCT_NAME = "$(TARGET_NAME)";
				SWIFT_EMIT_LOC_STRINGS = YES;
				SWIFT_VERSION = 5.0;
				TARGETED_DEVICE_FAMILY = "1,2";
			};
			name = Release;
		};
		9961CDDF2919630B000EA35B /* Debug */ = {
			isa = XCBuildConfiguration;
			buildSettings = {
				ALWAYS_EMBED_SWIFT_STANDARD_LIBRARIES = YES;
				BUNDLE_LOADER = "$(TEST_HOST)";
				CODE_SIGN_STYLE = Automatic;
				CURRENT_PROJECT_VERSION = 1;
				GENERATE_INFOPLIST_FILE = YES;
				IPHONEOS_DEPLOYMENT_TARGET = 16.1;
				MARKETING_VERSION = 1.0;
				PRODUCT_BUNDLE_IDENTIFIER = oleglanger.DiscogsTCATests;
				PRODUCT_NAME = "$(TARGET_NAME)";
				SWIFT_EMIT_LOC_STRINGS = NO;
				SWIFT_VERSION = 5.0;
				TARGETED_DEVICE_FAMILY = "1,2";
				TEST_HOST = "$(BUILT_PRODUCTS_DIR)/DiscogsTCA.app/$(BUNDLE_EXECUTABLE_FOLDER_PATH)/DiscogsTCA";
			};
			name = Debug;
		};
		9961CDE02919630B000EA35B /* Release */ = {
			isa = XCBuildConfiguration;
			buildSettings = {
				ALWAYS_EMBED_SWIFT_STANDARD_LIBRARIES = YES;
				BUNDLE_LOADER = "$(TEST_HOST)";
				CODE_SIGN_STYLE = Automatic;
				CURRENT_PROJECT_VERSION = 1;
				GENERATE_INFOPLIST_FILE = YES;
				IPHONEOS_DEPLOYMENT_TARGET = 16.1;
				MARKETING_VERSION = 1.0;
				PRODUCT_BUNDLE_IDENTIFIER = oleglanger.DiscogsTCATests;
				PRODUCT_NAME = "$(TARGET_NAME)";
				SWIFT_EMIT_LOC_STRINGS = NO;
				SWIFT_VERSION = 5.0;
				TARGETED_DEVICE_FAMILY = "1,2";
				TEST_HOST = "$(BUILT_PRODUCTS_DIR)/DiscogsTCA.app/$(BUNDLE_EXECUTABLE_FOLDER_PATH)/DiscogsTCA";
			};
			name = Release;
		};
		9961CDE12919630B000EA35B /* Debug */ = {
			isa = XCBuildConfiguration;
			buildSettings = {
				ALWAYS_EMBED_SWIFT_STANDARD_LIBRARIES = YES;
				CODE_SIGN_STYLE = Automatic;
				CURRENT_PROJECT_VERSION = 1;
				GENERATE_INFOPLIST_FILE = YES;
				IPHONEOS_DEPLOYMENT_TARGET = 16.1;
				MARKETING_VERSION = 1.0;
				PRODUCT_BUNDLE_IDENTIFIER = oleglanger.DiscogsTCAUITests;
				PRODUCT_NAME = "$(TARGET_NAME)";
				SWIFT_EMIT_LOC_STRINGS = NO;
				SWIFT_VERSION = 5.0;
				TARGETED_DEVICE_FAMILY = "1,2";
				TEST_TARGET_NAME = DiscogsTCA;
			};
			name = Debug;
		};
		9961CDE22919630B000EA35B /* Release */ = {
			isa = XCBuildConfiguration;
			buildSettings = {
				ALWAYS_EMBED_SWIFT_STANDARD_LIBRARIES = YES;
				CODE_SIGN_STYLE = Automatic;
				CURRENT_PROJECT_VERSION = 1;
				GENERATE_INFOPLIST_FILE = YES;
				IPHONEOS_DEPLOYMENT_TARGET = 16.1;
				MARKETING_VERSION = 1.0;
				PRODUCT_BUNDLE_IDENTIFIER = oleglanger.DiscogsTCAUITests;
				PRODUCT_NAME = "$(TARGET_NAME)";
				SWIFT_EMIT_LOC_STRINGS = NO;
				SWIFT_VERSION = 5.0;
				TARGETED_DEVICE_FAMILY = "1,2";
				TEST_TARGET_NAME = DiscogsTCA;
			};
			name = Release;
		};
/* End XCBuildConfiguration section */

/* Begin XCConfigurationList section */
		9922113128CCE8BA00F32005 /* Build configuration list for PBXProject "Discogs" */ = {
			isa = XCConfigurationList;
			buildConfigurations = (
				9922115828CCE8BB00F32005 /* Debug */,
				9922115928CCE8BB00F32005 /* Release */,
			);
			defaultConfigurationIsVisible = 0;
			defaultConfigurationName = Release;
		};
		9922115A28CCE8BB00F32005 /* Build configuration list for PBXNativeTarget "Discogs" */ = {
			isa = XCConfigurationList;
			buildConfigurations = (
				9922115B28CCE8BB00F32005 /* Debug */,
				9922115C28CCE8BB00F32005 /* Release */,
			);
			defaultConfigurationIsVisible = 0;
			defaultConfigurationName = Release;
		};
		9922115D28CCE8BB00F32005 /* Build configuration list for PBXNativeTarget "DiscogsTests" */ = {
			isa = XCConfigurationList;
			buildConfigurations = (
				9922115E28CCE8BB00F32005 /* Debug */,
				9922115F28CCE8BB00F32005 /* Release */,
			);
			defaultConfigurationIsVisible = 0;
			defaultConfigurationName = Release;
		};
		9922116028CCE8BB00F32005 /* Build configuration list for PBXNativeTarget "DiscogsUITests" */ = {
			isa = XCConfigurationList;
			buildConfigurations = (
				9922116128CCE8BB00F32005 /* Debug */,
				9922116228CCE8BB00F32005 /* Release */,
			);
			defaultConfigurationIsVisible = 0;
			defaultConfigurationName = Release;
		};
		9961CDE32919630B000EA35B /* Build configuration list for PBXNativeTarget "DiscogsTCA" */ = {
			isa = XCConfigurationList;
			buildConfigurations = (
				9961CDDD2919630B000EA35B /* Debug */,
				9961CDDE2919630B000EA35B /* Release */,
			);
			defaultConfigurationIsVisible = 0;
			defaultConfigurationName = Release;
		};
		9961CDE42919630B000EA35B /* Build configuration list for PBXNativeTarget "DiscogsTCATests" */ = {
			isa = XCConfigurationList;
			buildConfigurations = (
				9961CDDF2919630B000EA35B /* Debug */,
				9961CDE02919630B000EA35B /* Release */,
			);
			defaultConfigurationIsVisible = 0;
			defaultConfigurationName = Release;
		};
		9961CDE52919630B000EA35B /* Build configuration list for PBXNativeTarget "DiscogsTCAUITests" */ = {
			isa = XCConfigurationList;
			buildConfigurations = (
				9961CDE12919630B000EA35B /* Debug */,
				9961CDE22919630B000EA35B /* Release */,
			);
			defaultConfigurationIsVisible = 0;
			defaultConfigurationName = Release;
		};
/* End XCConfigurationList section */

/* Begin XCRemoteSwiftPackageReference section */
		9961CDE6291963CF000EA35B /* XCRemoteSwiftPackageReference "swift-composable-architecture" */ = {
			isa = XCRemoteSwiftPackageReference;
			repositoryURL = "https://github.com/pointfreeco/swift-composable-architecture";
			requirement = {
				kind = upToNextMajorVersion;
				minimumVersion = 0.45.0;
			};
		};
/* End XCRemoteSwiftPackageReference section */

/* Begin XCSwiftPackageProductDependency section */
		990C18FB29196C310098532B /* Core */ = {
			isa = XCSwiftPackageProductDependency;
			productName = Core;
		};
		9961CDEA2919640B000EA35B /* ComposableArchitecture */ = {
			isa = XCSwiftPackageProductDependency;
			package = 9961CDE6291963CF000EA35B /* XCRemoteSwiftPackageReference "swift-composable-architecture" */;
			productName = ComposableArchitecture;
		};
		9961CDF829196693000EA35B /* Core */ = {
			isa = XCSwiftPackageProductDependency;
			productName = Core;
		};
/* End XCSwiftPackageProductDependency section */
	};
	rootObject = 9922112E28CCE8BA00F32005 /* Project object */;
}
